// !$*UTF8*$!
{
	archiveVersion = 1;
	classes = {
	};
	objectVersion = 50;
	objects = {

/* Begin PBXBuildFile section */
		448C2BBC22EE428200DAEF95 /* DTImageCropper.framework in Frameworks */ = {isa = PBXBuildFile; fileRef = 448C2BB222EE428200DAEF95 /* DTImageCropper.framework */; };
		448C2BC122EE428200DAEF95 /* DTImageCropperTests.swift in Sources */ = {isa = PBXBuildFile; fileRef = 448C2BC022EE428200DAEF95 /* DTImageCropperTests.swift */; };
		448C2BC322EE428200DAEF95 /* DTImageCropper.h in Headers */ = {isa = PBXBuildFile; fileRef = 448C2BB522EE428200DAEF95 /* DTImageCropper.h */; settings = {ATTRIBUTES = (Public, ); }; };
		448C2BD322EE429500DAEF95 /* AppDelegate.swift in Sources */ = {isa = PBXBuildFile; fileRef = 448C2BD222EE429500DAEF95 /* AppDelegate.swift */; };
		448C2BD522EE429500DAEF95 /* ViewController.swift in Sources */ = {isa = PBXBuildFile; fileRef = 448C2BD422EE429500DAEF95 /* ViewController.swift */; };
		448C2BD822EE429500DAEF95 /* Main.storyboard in Resources */ = {isa = PBXBuildFile; fileRef = 448C2BD622EE429500DAEF95 /* Main.storyboard */; };
		448C2BDA22EE429600DAEF95 /* Assets.xcassets in Resources */ = {isa = PBXBuildFile; fileRef = 448C2BD922EE429600DAEF95 /* Assets.xcassets */; };
		448C2BDD22EE429600DAEF95 /* LaunchScreen.storyboard in Resources */ = {isa = PBXBuildFile; fileRef = 448C2BDB22EE429600DAEF95 /* LaunchScreen.storyboard */; };
		448C2BE522EE430200DAEF95 /* DTImageCropperViewController.swift in Sources */ = {isa = PBXBuildFile; fileRef = 448C2BE422EE430200DAEF95 /* DTImageCropperViewController.swift */; };
		448C2BE622EE46FF00DAEF95 /* DTImageCropper.framework in Frameworks */ = {isa = PBXBuildFile; fileRef = 448C2BB222EE428200DAEF95 /* DTImageCropper.framework */; };
		448C2BE722EE46FF00DAEF95 /* DTImageCropper.framework in Embed Frameworks */ = {isa = PBXBuildFile; fileRef = 448C2BB222EE428200DAEF95 /* DTImageCropper.framework */; settings = {ATTRIBUTES = (CodeSignOnCopy, RemoveHeadersOnCopy, ); }; };
		448C2BEC22EE505E00DAEF95 /* constraints.swift in Sources */ = {isa = PBXBuildFile; fileRef = 448C2BEB22EE505E00DAEF95 /* constraints.swift */; };
		448C2BEE22EE50A400DAEF95 /* DTImageCropperScrollView.swift in Sources */ = {isa = PBXBuildFile; fileRef = 448C2BED22EE50A400DAEF95 /* DTImageCropperScrollView.swift */; };
/* End PBXBuildFile section */

/* Begin PBXContainerItemProxy section */
		448C2BBD22EE428200DAEF95 /* PBXContainerItemProxy */ = {
			isa = PBXContainerItemProxy;
			containerPortal = 448C2BA922EE428200DAEF95 /* Project object */;
			proxyType = 1;
			remoteGlobalIDString = 448C2BB122EE428200DAEF95;
			remoteInfo = DTImageCropper;
		};
		448C2BE822EE46FF00DAEF95 /* PBXContainerItemProxy */ = {
			isa = PBXContainerItemProxy;
			containerPortal = 448C2BA922EE428200DAEF95 /* Project object */;
			proxyType = 1;
			remoteGlobalIDString = 448C2BB122EE428200DAEF95;
			remoteInfo = DTImageCropper;
		};
/* End PBXContainerItemProxy section */

/* Begin PBXCopyFilesBuildPhase section */
		448C2BEA22EE46FF00DAEF95 /* Embed Frameworks */ = {
			isa = PBXCopyFilesBuildPhase;
			buildActionMask = 2147483647;
			dstPath = "";
			dstSubfolderSpec = 10;
			files = (
				448C2BE722EE46FF00DAEF95 /* DTImageCropper.framework in Embed Frameworks */,
			);
			name = "Embed Frameworks";
			runOnlyForDeploymentPostprocessing = 0;
		};
/* End PBXCopyFilesBuildPhase section */

/* Begin PBXFileReference section */
		448C2BB222EE428200DAEF95 /* DTImageCropper.framework */ = {isa = PBXFileReference; explicitFileType = wrapper.framework; includeInIndex = 0; path = DTImageCropper.framework; sourceTree = BUILT_PRODUCTS_DIR; };
		448C2BB522EE428200DAEF95 /* DTImageCropper.h */ = {isa = PBXFileReference; lastKnownFileType = sourcecode.c.h; path = DTImageCropper.h; sourceTree = "<group>"; };
		448C2BB622EE428200DAEF95 /* Info.plist */ = {isa = PBXFileReference; lastKnownFileType = text.plist.xml; path = Info.plist; sourceTree = "<group>"; };
		448C2BBB22EE428200DAEF95 /* DTImageCropperTests.xctest */ = {isa = PBXFileReference; explicitFileType = wrapper.cfbundle; includeInIndex = 0; path = DTImageCropperTests.xctest; sourceTree = BUILT_PRODUCTS_DIR; };
		448C2BC022EE428200DAEF95 /* DTImageCropperTests.swift */ = {isa = PBXFileReference; lastKnownFileType = sourcecode.swift; path = DTImageCropperTests.swift; sourceTree = "<group>"; };
		448C2BC222EE428200DAEF95 /* Info.plist */ = {isa = PBXFileReference; lastKnownFileType = text.plist.xml; path = Info.plist; sourceTree = "<group>"; };
		448C2BD022EE429500DAEF95 /* DTImageCropperExample.app */ = {isa = PBXFileReference; explicitFileType = wrapper.application; includeInIndex = 0; path = DTImageCropperExample.app; sourceTree = BUILT_PRODUCTS_DIR; };
		448C2BD222EE429500DAEF95 /* AppDelegate.swift */ = {isa = PBXFileReference; lastKnownFileType = sourcecode.swift; path = AppDelegate.swift; sourceTree = "<group>"; };
		448C2BD422EE429500DAEF95 /* ViewController.swift */ = {isa = PBXFileReference; lastKnownFileType = sourcecode.swift; path = ViewController.swift; sourceTree = "<group>"; };
		448C2BD722EE429500DAEF95 /* Base */ = {isa = PBXFileReference; lastKnownFileType = file.storyboard; name = Base; path = Base.lproj/Main.storyboard; sourceTree = "<group>"; };
		448C2BD922EE429600DAEF95 /* Assets.xcassets */ = {isa = PBXFileReference; lastKnownFileType = folder.assetcatalog; path = Assets.xcassets; sourceTree = "<group>"; };
		448C2BDC22EE429600DAEF95 /* Base */ = {isa = PBXFileReference; lastKnownFileType = file.storyboard; name = Base; path = Base.lproj/LaunchScreen.storyboard; sourceTree = "<group>"; };
		448C2BDE22EE429600DAEF95 /* Info.plist */ = {isa = PBXFileReference; lastKnownFileType = text.plist.xml; path = Info.plist; sourceTree = "<group>"; };
		448C2BE422EE430200DAEF95 /* DTImageCropperViewController.swift */ = {isa = PBXFileReference; lastKnownFileType = sourcecode.swift; path = DTImageCropperViewController.swift; sourceTree = "<group>"; };
		448C2BEB22EE505E00DAEF95 /* constraints.swift */ = {isa = PBXFileReference; lastKnownFileType = sourcecode.swift; path = constraints.swift; sourceTree = "<group>"; };
		448C2BED22EE50A400DAEF95 /* DTImageCropperScrollView.swift */ = {isa = PBXFileReference; lastKnownFileType = sourcecode.swift; path = DTImageCropperScrollView.swift; sourceTree = "<group>"; };
/* End PBXFileReference section */

/* Begin PBXFrameworksBuildPhase section */
		448C2BAF22EE428200DAEF95 /* Frameworks */ = {
			isa = PBXFrameworksBuildPhase;
			buildActionMask = 2147483647;
			files = (
			);
			runOnlyForDeploymentPostprocessing = 0;
		};
		448C2BB822EE428200DAEF95 /* Frameworks */ = {
			isa = PBXFrameworksBuildPhase;
			buildActionMask = 2147483647;
			files = (
				448C2BBC22EE428200DAEF95 /* DTImageCropper.framework in Frameworks */,
			);
			runOnlyForDeploymentPostprocessing = 0;
		};
		448C2BCD22EE429500DAEF95 /* Frameworks */ = {
			isa = PBXFrameworksBuildPhase;
			buildActionMask = 2147483647;
			files = (
				448C2BE622EE46FF00DAEF95 /* DTImageCropper.framework in Frameworks */,
			);
			runOnlyForDeploymentPostprocessing = 0;
		};
/* End PBXFrameworksBuildPhase section */

/* Begin PBXGroup section */
		448C2BA822EE428200DAEF95 = {
			isa = PBXGroup;
			children = (
				448C2BB422EE428200DAEF95 /* DTImageCropper */,
				448C2BBF22EE428200DAEF95 /* DTImageCropperTests */,
				448C2BD122EE429500DAEF95 /* DTImageCropperExample */,
				448C2BB322EE428200DAEF95 /* Products */,
			);
			sourceTree = "<group>";
		};
		448C2BB322EE428200DAEF95 /* Products */ = {
			isa = PBXGroup;
			children = (
				448C2BB222EE428200DAEF95 /* DTImageCropper.framework */,
				448C2BBB22EE428200DAEF95 /* DTImageCropperTests.xctest */,
				448C2BD022EE429500DAEF95 /* DTImageCropperExample.app */,
			);
			name = Products;
			sourceTree = "<group>";
		};
		448C2BB422EE428200DAEF95 /* DTImageCropper */ = {
			isa = PBXGroup;
			children = (
				448C2BE322EE42AA00DAEF95 /* Classes */,
				448C2BB522EE428200DAEF95 /* DTImageCropper.h */,
				448C2BB622EE428200DAEF95 /* Info.plist */,
			);
			path = DTImageCropper;
			sourceTree = "<group>";
		};
		448C2BBF22EE428200DAEF95 /* DTImageCropperTests */ = {
			isa = PBXGroup;
			children = (
				448C2BC022EE428200DAEF95 /* DTImageCropperTests.swift */,
				448C2BC222EE428200DAEF95 /* Info.plist */,
			);
			path = DTImageCropperTests;
			sourceTree = "<group>";
		};
		448C2BD122EE429500DAEF95 /* DTImageCropperExample */ = {
			isa = PBXGroup;
			children = (
				448C2BD222EE429500DAEF95 /* AppDelegate.swift */,
				448C2BD422EE429500DAEF95 /* ViewController.swift */,
				448C2BD622EE429500DAEF95 /* Main.storyboard */,
				448C2BD922EE429600DAEF95 /* Assets.xcassets */,
				448C2BDB22EE429600DAEF95 /* LaunchScreen.storyboard */,
				448C2BDE22EE429600DAEF95 /* Info.plist */,
			);
			path = DTImageCropperExample;
			sourceTree = "<group>";
		};
		448C2BE322EE42AA00DAEF95 /* Classes */ = {
			isa = PBXGroup;
			children = (
				448C2BE422EE430200DAEF95 /* DTImageCropperViewController.swift */,
				448C2BEB22EE505E00DAEF95 /* constraints.swift */,
				448C2BED22EE50A400DAEF95 /* DTImageCropperScrollView.swift */,
			);
			path = Classes;
			sourceTree = "<group>";
		};
/* End PBXGroup section */

/* Begin PBXHeadersBuildPhase section */
		448C2BAD22EE428200DAEF95 /* Headers */ = {
			isa = PBXHeadersBuildPhase;
			buildActionMask = 2147483647;
			files = (
				448C2BC322EE428200DAEF95 /* DTImageCropper.h in Headers */,
			);
			runOnlyForDeploymentPostprocessing = 0;
		};
/* End PBXHeadersBuildPhase section */

/* Begin PBXNativeTarget section */
		448C2BB122EE428200DAEF95 /* DTImageCropper */ = {
			isa = PBXNativeTarget;
			buildConfigurationList = 448C2BC622EE428200DAEF95 /* Build configuration list for PBXNativeTarget "DTImageCropper" */;
			buildPhases = (
				448C2BAD22EE428200DAEF95 /* Headers */,
				448C2BAE22EE428200DAEF95 /* Sources */,
				448C2BAF22EE428200DAEF95 /* Frameworks */,
				448C2BB022EE428200DAEF95 /* Resources */,
			);
			buildRules = (
			);
			dependencies = (
			);
			name = DTImageCropper;
			productName = DTImageCropper;
			productReference = 448C2BB222EE428200DAEF95 /* DTImageCropper.framework */;
			productType = "com.apple.product-type.framework";
		};
		448C2BBA22EE428200DAEF95 /* DTImageCropperTests */ = {
			isa = PBXNativeTarget;
			buildConfigurationList = 448C2BC922EE428200DAEF95 /* Build configuration list for PBXNativeTarget "DTImageCropperTests" */;
			buildPhases = (
				448C2BB722EE428200DAEF95 /* Sources */,
				448C2BB822EE428200DAEF95 /* Frameworks */,
				448C2BB922EE428200DAEF95 /* Resources */,
			);
			buildRules = (
			);
			dependencies = (
				448C2BBE22EE428200DAEF95 /* PBXTargetDependency */,
			);
			name = DTImageCropperTests;
			productName = DTImageCropperTests;
			productReference = 448C2BBB22EE428200DAEF95 /* DTImageCropperTests.xctest */;
			productType = "com.apple.product-type.bundle.unit-test";
		};
		448C2BCF22EE429500DAEF95 /* DTImageCropperExample */ = {
			isa = PBXNativeTarget;
			buildConfigurationList = 448C2BDF22EE429600DAEF95 /* Build configuration list for PBXNativeTarget "DTImageCropperExample" */;
			buildPhases = (
				448C2BCC22EE429500DAEF95 /* Sources */,
				448C2BCD22EE429500DAEF95 /* Frameworks */,
				448C2BCE22EE429500DAEF95 /* Resources */,
				448C2BEA22EE46FF00DAEF95 /* Embed Frameworks */,
			);
			buildRules = (
			);
			dependencies = (
				448C2BE922EE46FF00DAEF95 /* PBXTargetDependency */,
			);
			name = DTImageCropperExample;
			productName = DTImageCropperExample;
			productReference = 448C2BD022EE429500DAEF95 /* DTImageCropperExample.app */;
			productType = "com.apple.product-type.application";
		};
/* End PBXNativeTarget section */

/* Begin PBXProject section */
		448C2BA922EE428200DAEF95 /* Project object */ = {
			isa = PBXProject;
			attributes = {
				LastSwiftUpdateCheck = 1020;
				LastUpgradeCheck = 1020;
				ORGANIZATIONNAME = "David Thorn";
				TargetAttributes = {
					448C2BB122EE428200DAEF95 = {
						CreatedOnToolsVersion = 10.2.1;
						LastSwiftMigration = 1020;
					};
					448C2BBA22EE428200DAEF95 = {
						CreatedOnToolsVersion = 10.2.1;
					};
					448C2BCF22EE429500DAEF95 = {
						CreatedOnToolsVersion = 10.2.1;
					};
				};
			};
			buildConfigurationList = 448C2BAC22EE428200DAEF95 /* Build configuration list for PBXProject "DTImageCropper" */;
			compatibilityVersion = "Xcode 9.3";
			developmentRegion = en;
			hasScannedForEncodings = 0;
			knownRegions = (
				en,
				Base,
			);
			mainGroup = 448C2BA822EE428200DAEF95;
			productRefGroup = 448C2BB322EE428200DAEF95 /* Products */;
			projectDirPath = "";
			projectRoot = "";
			targets = (
				448C2BB122EE428200DAEF95 /* DTImageCropper */,
				448C2BBA22EE428200DAEF95 /* DTImageCropperTests */,
				448C2BCF22EE429500DAEF95 /* DTImageCropperExample */,
			);
		};
/* End PBXProject section */

/* Begin PBXResourcesBuildPhase section */
		448C2BB022EE428200DAEF95 /* Resources */ = {
			isa = PBXResourcesBuildPhase;
			buildActionMask = 2147483647;
			files = (
			);
			runOnlyForDeploymentPostprocessing = 0;
		};
		448C2BB922EE428200DAEF95 /* Resources */ = {
			isa = PBXResourcesBuildPhase;
			buildActionMask = 2147483647;
			files = (
			);
			runOnlyForDeploymentPostprocessing = 0;
		};
		448C2BCE22EE429500DAEF95 /* Resources */ = {
			isa = PBXResourcesBuildPhase;
			buildActionMask = 2147483647;
			files = (
				448C2BDD22EE429600DAEF95 /* LaunchScreen.storyboard in Resources */,
				448C2BDA22EE429600DAEF95 /* Assets.xcassets in Resources */,
				448C2BD822EE429500DAEF95 /* Main.storyboard in Resources */,
			);
			runOnlyForDeploymentPostprocessing = 0;
		};
/* End PBXResourcesBuildPhase section */

/* Begin PBXSourcesBuildPhase section */
		448C2BAE22EE428200DAEF95 /* Sources */ = {
			isa = PBXSourcesBuildPhase;
			buildActionMask = 2147483647;
			files = (
				448C2BEC22EE505E00DAEF95 /* constraints.swift in Sources */,
				448C2BE522EE430200DAEF95 /* DTImageCropperViewController.swift in Sources */,
				448C2BEE22EE50A400DAEF95 /* DTImageCropperScrollView.swift in Sources */,
			);
			runOnlyForDeploymentPostprocessing = 0;
		};
		448C2BB722EE428200DAEF95 /* Sources */ = {
			isa = PBXSourcesBuildPhase;
			buildActionMask = 2147483647;
			files = (
				448C2BC122EE428200DAEF95 /* DTImageCropperTests.swift in Sources */,
			);
			runOnlyForDeploymentPostprocessing = 0;
		};
		448C2BCC22EE429500DAEF95 /* Sources */ = {
			isa = PBXSourcesBuildPhase;
			buildActionMask = 2147483647;
			files = (
				448C2BD522EE429500DAEF95 /* ViewController.swift in Sources */,
				448C2BD322EE429500DAEF95 /* AppDelegate.swift in Sources */,
			);
			runOnlyForDeploymentPostprocessing = 0;
		};
/* End PBXSourcesBuildPhase section */

/* Begin PBXTargetDependency section */
		448C2BBE22EE428200DAEF95 /* PBXTargetDependency */ = {
			isa = PBXTargetDependency;
			target = 448C2BB122EE428200DAEF95 /* DTImageCropper */;
			targetProxy = 448C2BBD22EE428200DAEF95 /* PBXContainerItemProxy */;
		};
		448C2BE922EE46FF00DAEF95 /* PBXTargetDependency */ = {
			isa = PBXTargetDependency;
			target = 448C2BB122EE428200DAEF95 /* DTImageCropper */;
			targetProxy = 448C2BE822EE46FF00DAEF95 /* PBXContainerItemProxy */;
		};
/* End PBXTargetDependency section */

/* Begin PBXVariantGroup section */
		448C2BD622EE429500DAEF95 /* Main.storyboard */ = {
			isa = PBXVariantGroup;
			children = (
				448C2BD722EE429500DAEF95 /* Base */,
			);
			name = Main.storyboard;
			sourceTree = "<group>";
		};
		448C2BDB22EE429600DAEF95 /* LaunchScreen.storyboard */ = {
			isa = PBXVariantGroup;
			children = (
				448C2BDC22EE429600DAEF95 /* Base */,
			);
			name = LaunchScreen.storyboard;
			sourceTree = "<group>";
		};
/* End PBXVariantGroup section */

/* Begin XCBuildConfiguration section */
		448C2BC422EE428200DAEF95 /* Debug */ = {
			isa = XCBuildConfiguration;
			buildSettings = {
				ALWAYS_SEARCH_USER_PATHS = NO;
				CLANG_ANALYZER_NONNULL = YES;
				CLANG_ANALYZER_NUMBER_OBJECT_CONVERSION = YES_AGGRESSIVE;
				CLANG_CXX_LANGUAGE_STANDARD = "gnu++14";
				CLANG_CXX_LIBRARY = "libc++";
				CLANG_ENABLE_MODULES = YES;
				CLANG_ENABLE_OBJC_ARC = YES;
				CLANG_ENABLE_OBJC_WEAK = YES;
				CLANG_WARN_BLOCK_CAPTURE_AUTORELEASING = YES;
				CLANG_WARN_BOOL_CONVERSION = YES;
				CLANG_WARN_COMMA = YES;
				CLANG_WARN_CONSTANT_CONVERSION = YES;
				CLANG_WARN_DEPRECATED_OBJC_IMPLEMENTATIONS = YES;
				CLANG_WARN_DIRECT_OBJC_ISA_USAGE = YES_ERROR;
				CLANG_WARN_DOCUMENTATION_COMMENTS = YES;
				CLANG_WARN_EMPTY_BODY = YES;
				CLANG_WARN_ENUM_CONVERSION = YES;
				CLANG_WARN_INFINITE_RECURSION = YES;
				CLANG_WARN_INT_CONVERSION = YES;
				CLANG_WARN_NON_LITERAL_NULL_CONVERSION = YES;
				CLANG_WARN_OBJC_IMPLICIT_RETAIN_SELF = YES;
				CLANG_WARN_OBJC_LITERAL_CONVERSION = YES;
				CLANG_WARN_OBJC_ROOT_CLASS = YES_ERROR;
				CLANG_WARN_RANGE_LOOP_ANALYSIS = YES;
				CLANG_WARN_STRICT_PROTOTYPES = YES;
				CLANG_WARN_SUSPICIOUS_MOVE = YES;
				CLANG_WARN_UNGUARDED_AVAILABILITY = YES_AGGRESSIVE;
				CLANG_WARN_UNREACHABLE_CODE = YES;
				CLANG_WARN__DUPLICATE_METHOD_MATCH = YES;
				CODE_SIGN_IDENTITY = "iPhone Developer";
				COPY_PHASE_STRIP = NO;
				CURRENT_PROJECT_VERSION = 1;
				DEBUG_INFORMATION_FORMAT = dwarf;
				ENABLE_STRICT_OBJC_MSGSEND = YES;
				ENABLE_TESTABILITY = YES;
				GCC_C_LANGUAGE_STANDARD = gnu11;
				GCC_DYNAMIC_NO_PIC = NO;
				GCC_NO_COMMON_BLOCKS = YES;
				GCC_OPTIMIZATION_LEVEL = 0;
				GCC_PREPROCESSOR_DEFINITIONS = (
					"DEBUG=1",
					"$(inherited)",
				);
				GCC_WARN_64_TO_32_BIT_CONVERSION = YES;
				GCC_WARN_ABOUT_RETURN_TYPE = YES_ERROR;
				GCC_WARN_UNDECLARED_SELECTOR = YES;
				GCC_WARN_UNINITIALIZED_AUTOS = YES_AGGRESSIVE;
				GCC_WARN_UNUSED_FUNCTION = YES;
				GCC_WARN_UNUSED_VARIABLE = YES;
				IPHONEOS_DEPLOYMENT_TARGET = 12.2;
				MTL_ENABLE_DEBUG_INFO = INCLUDE_SOURCE;
				MTL_FAST_MATH = YES;
				ONLY_ACTIVE_ARCH = YES;
				SDKROOT = iphoneos;
				SWIFT_ACTIVE_COMPILATION_CONDITIONS = DEBUG;
				SWIFT_OPTIMIZATION_LEVEL = "-Onone";
				VERSIONING_SYSTEM = "apple-generic";
				VERSION_INFO_PREFIX = "";
			};
			name = Debug;
		};
		448C2BC522EE428200DAEF95 /* Release */ = {
			isa = XCBuildConfiguration;
			buildSettings = {
				ALWAYS_SEARCH_USER_PATHS = NO;
				CLANG_ANALYZER_NONNULL = YES;
				CLANG_ANALYZER_NUMBER_OBJECT_CONVERSION = YES_AGGRESSIVE;
				CLANG_CXX_LANGUAGE_STANDARD = "gnu++14";
				CLANG_CXX_LIBRARY = "libc++";
				CLANG_ENABLE_MODULES = YES;
				CLANG_ENABLE_OBJC_ARC = YES;
				CLANG_ENABLE_OBJC_WEAK = YES;
				CLANG_WARN_BLOCK_CAPTURE_AUTORELEASING = YES;
				CLANG_WARN_BOOL_CONVERSION = YES;
				CLANG_WARN_COMMA = YES;
				CLANG_WARN_CONSTANT_CONVERSION = YES;
				CLANG_WARN_DEPRECATED_OBJC_IMPLEMENTATIONS = YES;
				CLANG_WARN_DIRECT_OBJC_ISA_USAGE = YES_ERROR;
				CLANG_WARN_DOCUMENTATION_COMMENTS = YES;
				CLANG_WARN_EMPTY_BODY = YES;
				CLANG_WARN_ENUM_CONVERSION = YES;
				CLANG_WARN_INFINITE_RECURSION = YES;
				CLANG_WARN_INT_CONVERSION = YES;
				CLANG_WARN_NON_LITERAL_NULL_CONVERSION = YES;
				CLANG_WARN_OBJC_IMPLICIT_RETAIN_SELF = YES;
				CLANG_WARN_OBJC_LITERAL_CONVERSION = YES;
				CLANG_WARN_OBJC_ROOT_CLASS = YES_ERROR;
				CLANG_WARN_RANGE_LOOP_ANALYSIS = YES;
				CLANG_WARN_STRICT_PROTOTYPES = YES;
				CLANG_WARN_SUSPICIOUS_MOVE = YES;
				CLANG_WARN_UNGUARDED_AVAILABILITY = YES_AGGRESSIVE;
				CLANG_WARN_UNREACHABLE_CODE = YES;
				CLANG_WARN__DUPLICATE_METHOD_MATCH = YES;
				CODE_SIGN_IDENTITY = "iPhone Developer";
				COPY_PHASE_STRIP = NO;
				CURRENT_PROJECT_VERSION = 1;
				DEBUG_INFORMATION_FORMAT = "dwarf-with-dsym";
				ENABLE_NS_ASSERTIONS = NO;
				ENABLE_STRICT_OBJC_MSGSEND = YES;
				GCC_C_LANGUAGE_STANDARD = gnu11;
				GCC_NO_COMMON_BLOCKS = YES;
				GCC_WARN_64_TO_32_BIT_CONVERSION = YES;
				GCC_WARN_ABOUT_RETURN_TYPE = YES_ERROR;
				GCC_WARN_UNDECLARED_SELECTOR = YES;
				GCC_WARN_UNINITIALIZED_AUTOS = YES_AGGRESSIVE;
				GCC_WARN_UNUSED_FUNCTION = YES;
				GCC_WARN_UNUSED_VARIABLE = YES;
				IPHONEOS_DEPLOYMENT_TARGET = 12.2;
				MTL_ENABLE_DEBUG_INFO = NO;
				MTL_FAST_MATH = YES;
				SDKROOT = iphoneos;
				SWIFT_COMPILATION_MODE = wholemodule;
				SWIFT_OPTIMIZATION_LEVEL = "-O";
				VALIDATE_PRODUCT = YES;
				VERSIONING_SYSTEM = "apple-generic";
				VERSION_INFO_PREFIX = "";
			};
			name = Release;
		};
		448C2BC722EE428200DAEF95 /* Debug */ = {
			isa = XCBuildConfiguration;
			buildSettings = {
				CLANG_ENABLE_MODULES = YES;
				CODE_SIGN_IDENTITY = "";
				CODE_SIGN_STYLE = Automatic;
				DEFINES_MODULE = YES;
				DEVELOPMENT_TEAM = WR4VF3A3C5;
				DYLIB_COMPATIBILITY_VERSION = 1;
				DYLIB_CURRENT_VERSION = 1;
				DYLIB_INSTALL_NAME_BASE = "@rpath";
				INFOPLIST_FILE = DTImageCropper/Info.plist;
				INSTALL_PATH = "$(LOCAL_LIBRARY_DIR)/Frameworks";
				LD_RUNPATH_SEARCH_PATHS = (
					"$(inherited)",
					"@executable_path/Frameworks",
					"@loader_path/Frameworks",
				);
				PRODUCT_BUNDLE_IDENTIFIER = thorn.james.david.DTImageCropper;
				PRODUCT_NAME = "$(TARGET_NAME:c99extidentifier)";
				SKIP_INSTALL = YES;
				SWIFT_OPTIMIZATION_LEVEL = "-Onone";
				SWIFT_VERSION = 5.0;
				TARGETED_DEVICE_FAMILY = "1,2";
			};
			name = Debug;
		};
		448C2BC822EE428200DAEF95 /* Release */ = {
			isa = XCBuildConfiguration;
			buildSettings = {
				CLANG_ENABLE_MODULES = YES;
				CODE_SIGN_IDENTITY = "";
				CODE_SIGN_STYLE = Automatic;
				DEFINES_MODULE = YES;
				DEVELOPMENT_TEAM = WR4VF3A3C5;
				DYLIB_COMPATIBILITY_VERSION = 1;
				DYLIB_CURRENT_VERSION = 1;
				DYLIB_INSTALL_NAME_BASE = "@rpath";
				INFOPLIST_FILE = DTImageCropper/Info.plist;
				INSTALL_PATH = "$(LOCAL_LIBRARY_DIR)/Frameworks";
				LD_RUNPATH_SEARCH_PATHS = (
					"$(inherited)",
					"@executable_path/Frameworks",
					"@loader_path/Frameworks",
				);
				PRODUCT_BUNDLE_IDENTIFIER = thorn.james.david.DTImageCropper;
				PRODUCT_NAME = "$(TARGET_NAME:c99extidentifier)";
				SKIP_INSTALL = YES;
				SWIFT_VERSION = 5.0;
				TARGETED_DEVICE_FAMILY = "1,2";
			};
			name = Release;
		};
		448C2BCA22EE428200DAEF95 /* Debug */ = {
			isa = XCBuildConfiguration;
			buildSettings = {
				ALWAYS_EMBED_SWIFT_STANDARD_LIBRARIES = YES;
				CODE_SIGN_STYLE = Automatic;
				INFOPLIST_FILE = DTImageCropperTests/Info.plist;
				LD_RUNPATH_SEARCH_PATHS = (
					"$(inherited)",
					"@executable_path/Frameworks",
					"@loader_path/Frameworks",
				);
				PRODUCT_BUNDLE_IDENTIFIER = thorn.james.david.DTImageCropperTests;
				PRODUCT_NAME = "$(TARGET_NAME)";
				SWIFT_VERSION = 5.0;
				TARGETED_DEVICE_FAMILY = "1,2";
			};
			name = Debug;
		};
		448C2BCB22EE428200DAEF95 /* Release */ = {
			isa = XCBuildConfiguration;
			buildSettings = {
				ALWAYS_EMBED_SWIFT_STANDARD_LIBRARIES = YES;
				CODE_SIGN_STYLE = Automatic;
				INFOPLIST_FILE = DTImageCropperTests/Info.plist;
				LD_RUNPATH_SEARCH_PATHS = (
					"$(inherited)",
					"@executable_path/Frameworks",
					"@loader_path/Frameworks",
				);
				PRODUCT_BUNDLE_IDENTIFIER = thorn.james.david.DTImageCropperTests;
				PRODUCT_NAME = "$(TARGET_NAME)";
				SWIFT_VERSION = 5.0;
				TARGETED_DEVICE_FAMILY = "1,2";
			};
			name = Release;
		};
		448C2BE022EE429600DAEF95 /* Debug */ = {
			isa = XCBuildConfiguration;
			buildSettings = {
				ALWAYS_EMBED_SWIFT_STANDARD_LIBRARIES = YES;
				ASSETCATALOG_COMPILER_APPICON_NAME = AppIcon;
				CODE_SIGN_STYLE = Automatic;
				DEVELOPMENT_TEAM = WR4VF3A3C5;
				INFOPLIST_FILE = DTImageCropperExample/Info.plist;
				LD_RUNPATH_SEARCH_PATHS = (
					"$(inherited)",
					"@executable_path/Frameworks",
				);
				PRODUCT_BUNDLE_IDENTIFIER = thorn.james.david.DTImageCropperExample;
				PRODUCT_NAME = "$(TARGET_NAME)";
				SWIFT_VERSION = 5.0;
				TARGETED_DEVICE_FAMILY = "1,2";
			};
			name = Debug;
		};
		448C2BE122EE429600DAEF95 /* Release */ = {
			isa = XCBuildConfiguration;
			buildSettings = {
				ALWAYS_EMBED_SWIFT_STANDARD_LIBRARIES = YES;
				ASSETCATALOG_COMPILER_APPICON_NAME = AppIcon;
				CODE_SIGN_STYLE = Automatic;
				DEVELOPMENT_TEAM = WR4VF3A3C5;
				INFOPLIST_FILE = DTImageCropperExample/Info.plist;
				LD_RUNPATH_SEARCH_PATHS = (
					"$(inherited)",
					"@executable_path/Frameworks",
				);
				PRODUCT_BUNDLE_IDENTIFIER = thorn.james.david.DTImageCropperExample;
				PRODUCT_NAME = "$(TARGET_NAME)";
				SWIFT_VERSION = 5.0;
				TARGETED_DEVICE_FAMILY = "1,2";
			};
			name = Release;
		};
/* End XCBuildConfiguration section */

/* Begin XCConfigurationList section */
		448C2BAC22EE428200DAEF95 /* Build configuration list for PBXProject "DTImageCropper" */ = {
			isa = XCConfigurationList;
			buildConfigurations = (
				448C2BC422EE428200DAEF95 /* Debug */,
				448C2BC522EE428200DAEF95 /* Release */,
			);
			defaultConfigurationIsVisible = 0;
			defaultConfigurationName = Release;
		};
		448C2BC622EE428200DAEF95 /* Build configuration list for PBXNativeTarget "DTImageCropper" */ = {
			isa = XCConfigurationList;
			buildConfigurations = (
				448C2BC722EE428200DAEF95 /* Debug */,
				448C2BC822EE428200DAEF95 /* Release */,
			);
			defaultConfigurationIsVisible = 0;
			defaultConfigurationName = Release;
		};
		448C2BC922EE428200DAEF95 /* Build configuration list for PBXNativeTarget "DTImageCropperTests" */ = {
			isa = XCConfigurationList;
			buildConfigurations = (
				448C2BCA22EE428200DAEF95 /* Debug */,
				448C2BCB22EE428200DAEF95 /* Release */,
			);
			defaultConfigurationIsVisible = 0;
			defaultConfigurationName = Release;
		};
		448C2BDF22EE429600DAEF95 /* Build configuration list for PBXNativeTarget "DTImageCropperExample" */ = {
			isa = XCConfigurationList;
			buildConfigurations = (
				448C2BE022EE429600DAEF95 /* Debug */,
				448C2BE122EE429600DAEF95 /* Release */,
			);
			defaultConfigurationIsVisible = 0;
			defaultConfigurationName = Release;
		};
/* End XCConfigurationList section */
	};
	rootObject = 448C2BA922EE428200DAEF95 /* Project object */;
}
